// !$*UTF8*$!
{
	archiveVersion = 1;
	classes = {
	};
	objectVersion = 56;
	objects = {

/* Begin PBXBuildFile section */
		F901F2652B3EA51A002F6E3C /* Onboarding-Step-Three.swift in Sources */ = {isa = PBXBuildFile; fileRef = F901F2642B3EA51A002F6E3C /* Onboarding-Step-Three.swift */; };
		F90D26492B3D9C0100C864C4 /* Onboarding-Step-Two.swift in Sources */ = {isa = PBXBuildFile; fileRef = F90D26482B3D9C0100C864C4 /* Onboarding-Step-Two.swift */; };
		F90D264B2B3DA00600C864C4 /* CustomKeyword.swift in Sources */ = {isa = PBXBuildFile; fileRef = F90D264A2B3DA00600C864C4 /* CustomKeyword.swift */; };
		F911890E2B5DF82200492AB1 /* CombineMoya in Frameworks */ = {isa = PBXBuildFile; productRef = F911890D2B5DF82200492AB1 /* CombineMoya */; };
		F91189102B5DF82200492AB1 /* Moya in Frameworks */ = {isa = PBXBuildFile; productRef = F911890F2B5DF82200492AB1 /* Moya */; };
		F91189122B5DF82200492AB1 /* ReactiveMoya in Frameworks */ = {isa = PBXBuildFile; productRef = F91189112B5DF82200492AB1 /* ReactiveMoya */; };
		F91189142B5DF82200492AB1 /* RxMoya in Frameworks */ = {isa = PBXBuildFile; productRef = F91189132B5DF82200492AB1 /* RxMoya */; };
		F914AD822B47C85400706D48 /* SettingDepartmentView.swift in Sources */ = {isa = PBXBuildFile; fileRef = F914AD812B47C85400706D48 /* SettingDepartmentView.swift */; };
		F92116172B90621000A5507A /* DepartmentNoticeDTO.swift in Sources */ = {isa = PBXBuildFile; fileRef = F92116162B90621000A5507A /* DepartmentNoticeDTO.swift */; };
		F92116192B90627100A5507A /* DepartmentNoticeRepository.swift in Sources */ = {isa = PBXBuildFile; fileRef = F92116182B90627100A5507A /* DepartmentNoticeRepository.swift */; };
		F921161B2B90642300A5507A /* DepartmentNoticeService.swift in Sources */ = {isa = PBXBuildFile; fileRef = F921161A2B90642300A5507A /* DepartmentNoticeService.swift */; };
		F92993552B63DA7D009DC2B6 /* Secrets.plist in Resources */ = {isa = PBXBuildFile; fileRef = F92993542B63DA7D009DC2B6 /* Secrets.plist */; };
		F92993572B63DD5E009DC2B6 /* APIConstants.swift in Sources */ = {isa = PBXBuildFile; fileRef = F92993562B63DD5E009DC2B6 /* APIConstants.swift */; };
		F92993592B63E3F4009DC2B6 /* Networking.swift in Sources */ = {isa = PBXBuildFile; fileRef = F92993582B63E3F4009DC2B6 /* Networking.swift */; };
		F929935B2B63E4D9009DC2B6 /* APIService.swift in Sources */ = {isa = PBXBuildFile; fileRef = F929935A2B63E4D9009DC2B6 /* APIService.swift */; };
		F929935E2B63E59F009DC2B6 /* ScheduleService.swift in Sources */ = {isa = PBXBuildFile; fileRef = F929935D2B63E59F009DC2B6 /* ScheduleService.swift */; };
		F93816882B561BEF00DA15F9 /* NotificationKeywordEditView.swift in Sources */ = {isa = PBXBuildFile; fileRef = F93816872B561BEF00DA15F9 /* NotificationKeywordEditView.swift */; };
		F93BC5D42B47CB9100F52108 /* SettingViewModel.swift in Sources */ = {isa = PBXBuildFile; fileRef = F93BC5D32B47CB9100F52108 /* SettingViewModel.swift */; };
		F93F51242B47A31800654F6D /* UserSettings.swift in Sources */ = {isa = PBXBuildFile; fileRef = F93F51232B47A31800654F6D /* UserSettings.swift */; };
		F95114552B6C7DA4009BDC98 /* MenuDTO.swift in Sources */ = {isa = PBXBuildFile; fileRef = F95114542B6C7DA4009BDC98 /* MenuDTO.swift */; };
		F951145C2B6C8138009BDC98 /* MenuRepository.swift in Sources */ = {isa = PBXBuildFile; fileRef = F951145B2B6C8138009BDC98 /* MenuRepository.swift */; };
		F951145E2B6C8214009BDC98 /* MenuService.swift in Sources */ = {isa = PBXBuildFile; fileRef = F951145D2B6C8214009BDC98 /* MenuService.swift */; };
		F95DC1322B91B6CD001D3419 /* SearchNoticeService.swift in Sources */ = {isa = PBXBuildFile; fileRef = F95DC1312B91B6CD001D3419 /* SearchNoticeService.swift */; };
		F95DC1342B91B835001D3419 /* SearchNoticeDTO.swift in Sources */ = {isa = PBXBuildFile; fileRef = F95DC1332B91B835001D3419 /* SearchNoticeDTO.swift */; };
		F95DC1372B91BE55001D3419 /* SearchNotice.swift in Sources */ = {isa = PBXBuildFile; fileRef = F95DC1362B91BE55001D3419 /* SearchNotice.swift */; };
		F95E007D2B539E4A00CAAFE2 /* NotificationView.swift in Sources */ = {isa = PBXBuildFile; fileRef = F95E007C2B539E4A00CAAFE2 /* NotificationView.swift */; };
		F95E00802B53DE9100CAAFE2 /* NotificationViewModel.swift in Sources */ = {isa = PBXBuildFile; fileRef = F95E007F2B53DE9100CAAFE2 /* NotificationViewModel.swift */; };
		F96760622B3AE1CB00C09F29 /* DMU_iOSApp.swift in Sources */ = {isa = PBXBuildFile; fileRef = F96760612B3AE1CB00C09F29 /* DMU_iOSApp.swift */; };
		F96760642B3AE1CB00C09F29 /* ContentView.swift in Sources */ = {isa = PBXBuildFile; fileRef = F96760632B3AE1CB00C09F29 /* ContentView.swift */; };
		F96760662B3AE1CC00C09F29 /* Assets.xcassets in Resources */ = {isa = PBXBuildFile; fileRef = F96760652B3AE1CC00C09F29 /* Assets.xcassets */; };
		F96760692B3AE1CC00C09F29 /* Preview Assets.xcassets in Resources */ = {isa = PBXBuildFile; fileRef = F96760682B3AE1CC00C09F29 /* Preview Assets.xcassets */; };
		F9682B582B6B31A3004A2EFE /* ScheduleDTO.swift in Sources */ = {isa = PBXBuildFile; fileRef = F9682B572B6B31A3004A2EFE /* ScheduleDTO.swift */; };
		F9682B5A2B6B328A004A2EFE /* ScheduleRepository.swift in Sources */ = {isa = PBXBuildFile; fileRef = F9682B592B6B328A004A2EFE /* ScheduleRepository.swift */; };
		F99A62FB2B83479B00EDB985 /* UniversityNoticeService.swift in Sources */ = {isa = PBXBuildFile; fileRef = F99A62FA2B83479B00EDB985 /* UniversityNoticeService.swift */; };
		F99A62FF2B83480900EDB985 /* UniversityNoticeDTO.swift in Sources */ = {isa = PBXBuildFile; fileRef = F99A62FE2B83480900EDB985 /* UniversityNoticeDTO.swift */; };
		F99A63012B834CB100EDB985 /* UniversityNoticeRepository.swift in Sources */ = {isa = PBXBuildFile; fileRef = F99A63002B834CB100EDB985 /* UniversityNoticeRepository.swift */; };
		F99C6B992B44EF50007208B2 /* Schedule.swift in Sources */ = {isa = PBXBuildFile; fileRef = F99C6B982B44EF50007208B2 /* Schedule.swift */; };
		F99C6B9C2B44EFC8007208B2 /* ScheduleViewModel.swift in Sources */ = {isa = PBXBuildFile; fileRef = F99C6B9B2B44EFC8007208B2 /* ScheduleViewModel.swift */; };
		F9AEF1D62B6346A7004C6A62 /* HTTPMethod.swift in Sources */ = {isa = PBXBuildFile; fileRef = F9AEF1D52B6346A7004C6A62 /* HTTPMethod.swift */; };
		F9AF3C512B416E3A001779E3 /* SearchView.swift in Sources */ = {isa = PBXBuildFile; fileRef = F9AF3C502B416E3A001779E3 /* SearchView.swift */; };
		F9AF3C542B416E5D001779E3 /* ScheduleView.swift in Sources */ = {isa = PBXBuildFile; fileRef = F9AF3C532B416E5D001779E3 /* ScheduleView.swift */; };
		F9AF3C572B416EE2001779E3 /* MealView.swift in Sources */ = {isa = PBXBuildFile; fileRef = F9AF3C562B416EE2001779E3 /* MealView.swift */; };
		F9AF3C5A2B416EF7001779E3 /* SettingView.swift in Sources */ = {isa = PBXBuildFile; fileRef = F9AF3C592B416EF7001779E3 /* SettingView.swift */; };
		F9AF3C602B4170B2001779E3 /* TabBarView.swift in Sources */ = {isa = PBXBuildFile; fileRef = F9AF3C5F2B4170B2001779E3 /* TabBarView.swift */; };
		F9AF3C632B418190001779E3 /* Notice.swift in Sources */ = {isa = PBXBuildFile; fileRef = F9AF3C622B418190001779E3 /* Notice.swift */; };
		F9AF3C672B418DFE001779E3 /* NoticeViewModel.swift in Sources */ = {isa = PBXBuildFile; fileRef = F9AF3C662B418DFE001779E3 /* NoticeViewModel.swift */; };
		F9B77F222B3AF5A900A6E2D1 /* Color.swift in Sources */ = {isa = PBXBuildFile; fileRef = F9B77F212B3AF5A900A6E2D1 /* Color.swift */; };
		F9B77F302B3AF9D900A6E2D1 /* Pretendard-Bold.otf in Resources */ = {isa = PBXBuildFile; fileRef = F9B77F272B3AF9D900A6E2D1 /* Pretendard-Bold.otf */; };
		F9B77F312B3AF9D900A6E2D1 /* Pretendard-ExtraLight.otf in Resources */ = {isa = PBXBuildFile; fileRef = F9B77F282B3AF9D900A6E2D1 /* Pretendard-ExtraLight.otf */; };
		F9B77F322B3AF9D900A6E2D1 /* Pretendard-Black.otf in Resources */ = {isa = PBXBuildFile; fileRef = F9B77F292B3AF9D900A6E2D1 /* Pretendard-Black.otf */; };
		F9B77F332B3AF9D900A6E2D1 /* Pretendard-SemiBold.otf in Resources */ = {isa = PBXBuildFile; fileRef = F9B77F2A2B3AF9D900A6E2D1 /* Pretendard-SemiBold.otf */; };
		F9B77F342B3AF9D900A6E2D1 /* Pretendard-Medium.otf in Resources */ = {isa = PBXBuildFile; fileRef = F9B77F2B2B3AF9D900A6E2D1 /* Pretendard-Medium.otf */; };
		F9B77F352B3AF9D900A6E2D1 /* Pretendard-Thin.otf in Resources */ = {isa = PBXBuildFile; fileRef = F9B77F2C2B3AF9D900A6E2D1 /* Pretendard-Thin.otf */; };
		F9B77F362B3AF9D900A6E2D1 /* Pretendard-ExtraBold.otf in Resources */ = {isa = PBXBuildFile; fileRef = F9B77F2D2B3AF9D900A6E2D1 /* Pretendard-ExtraBold.otf */; };
		F9B77F372B3AF9D900A6E2D1 /* Pretendard-Light.otf in Resources */ = {isa = PBXBuildFile; fileRef = F9B77F2E2B3AF9D900A6E2D1 /* Pretendard-Light.otf */; };
		F9B77F382B3AF9D900A6E2D1 /* Pretendard-Regular.otf in Resources */ = {isa = PBXBuildFile; fileRef = F9B77F2F2B3AF9D900A6E2D1 /* Pretendard-Regular.otf */; };
		F9B77F3B2B3AFDBC00A6E2D1 /* Font.swift in Sources */ = {isa = PBXBuildFile; fileRef = F9B77F3A2B3AFDBC00A6E2D1 /* Font.swift */; };
		F9B77F3D2B3B035700A6E2D1 /* SplashView.swift in Sources */ = {isa = PBXBuildFile; fileRef = F9B77F3C2B3B035700A6E2D1 /* SplashView.swift */; };
		F9BB5B6A2B42D320002EDB68 /* SearchViewModel.swift in Sources */ = {isa = PBXBuildFile; fileRef = F9BB5B692B42D320002EDB68 /* SearchViewModel.swift */; };
		F9BCAA862B73CCA500E717BF /* NoticeNotification.swift in Sources */ = {isa = PBXBuildFile; fileRef = F9BCAA852B73CCA500E717BF /* NoticeNotification.swift */; };
		F9BCAA892B73D38100E717BF /* NoticeWebView.swift in Sources */ = {isa = PBXBuildFile; fileRef = F9BCAA882B73D38100E717BF /* NoticeWebView.swift */; };
		F9D426242B3F076A008EBCC7 /* HomeView.swift in Sources */ = {isa = PBXBuildFile; fileRef = F9D426232B3F076A008EBCC7 /* HomeView.swift */; };
		F9DBEA872B464C49004B64D6 /* Menu.swift in Sources */ = {isa = PBXBuildFile; fileRef = F9DBEA862B464C49004B64D6 /* Menu.swift */; };
		F9DBEA8A2B464EC5004B64D6 /* MealViewModel.swift in Sources */ = {isa = PBXBuildFile; fileRef = F9DBEA892B464EC5004B64D6 /* MealViewModel.swift */; };
		F9E4E3762B75F58600E276CC /* CustomTextField.swift in Sources */ = {isa = PBXBuildFile; fileRef = F9E4E3752B75F58600E276CC /* CustomTextField.swift */; };
		F9EE42412B3C24E300307BA7 /* CustomButton.swift in Sources */ = {isa = PBXBuildFile; fileRef = F9EE42402B3C24E300307BA7 /* CustomButton.swift */; };
		F9EE42452B3C276D00307BA7 /* Onboarding-Step-One.swift in Sources */ = {isa = PBXBuildFile; fileRef = F9EE42442B3C276D00307BA7 /* Onboarding-Step-One.swift */; };
		F9EE42482B3C302600307BA7 /* Department.swift in Sources */ = {isa = PBXBuildFile; fileRef = F9EE42472B3C302600307BA7 /* Department.swift */; };
		F9F85E6C2B75C6A1005EFAE2 /* DateFormatExtension.swift in Sources */ = {isa = PBXBuildFile; fileRef = F9F85E6B2B75C6A1005EFAE2 /* DateFormatExtension.swift */; };
/* End PBXBuildFile section */

/* Begin PBXFileReference section */
		F901F2642B3EA51A002F6E3C /* Onboarding-Step-Three.swift */ = {isa = PBXFileReference; lastKnownFileType = sourcecode.swift; path = "Onboarding-Step-Three.swift"; sourceTree = "<group>"; };
		F90D26482B3D9C0100C864C4 /* Onboarding-Step-Two.swift */ = {isa = PBXFileReference; lastKnownFileType = sourcecode.swift; path = "Onboarding-Step-Two.swift"; sourceTree = "<group>"; };
		F90D264A2B3DA00600C864C4 /* CustomKeyword.swift */ = {isa = PBXFileReference; lastKnownFileType = sourcecode.swift; path = CustomKeyword.swift; sourceTree = "<group>"; };
		F914AD812B47C85400706D48 /* SettingDepartmentView.swift */ = {isa = PBXFileReference; lastKnownFileType = sourcecode.swift; path = SettingDepartmentView.swift; sourceTree = "<group>"; };
		F92116162B90621000A5507A /* DepartmentNoticeDTO.swift */ = {isa = PBXFileReference; lastKnownFileType = sourcecode.swift; path = DepartmentNoticeDTO.swift; sourceTree = "<group>"; };
		F92116182B90627100A5507A /* DepartmentNoticeRepository.swift */ = {isa = PBXFileReference; lastKnownFileType = sourcecode.swift; path = DepartmentNoticeRepository.swift; sourceTree = "<group>"; };
		F921161A2B90642300A5507A /* DepartmentNoticeService.swift */ = {isa = PBXFileReference; lastKnownFileType = sourcecode.swift; path = DepartmentNoticeService.swift; sourceTree = "<group>"; };
		F92993542B63DA7D009DC2B6 /* Secrets.plist */ = {isa = PBXFileReference; lastKnownFileType = text.plist.xml; path = Secrets.plist; sourceTree = "<group>"; };
		F92993562B63DD5E009DC2B6 /* APIConstants.swift */ = {isa = PBXFileReference; lastKnownFileType = sourcecode.swift; path = APIConstants.swift; sourceTree = "<group>"; };
		F92993582B63E3F4009DC2B6 /* Networking.swift */ = {isa = PBXFileReference; lastKnownFileType = sourcecode.swift; path = Networking.swift; sourceTree = "<group>"; };
		F929935A2B63E4D9009DC2B6 /* APIService.swift */ = {isa = PBXFileReference; lastKnownFileType = sourcecode.swift; path = APIService.swift; sourceTree = "<group>"; };
		F929935D2B63E59F009DC2B6 /* ScheduleService.swift */ = {isa = PBXFileReference; lastKnownFileType = sourcecode.swift; path = ScheduleService.swift; sourceTree = "<group>"; };
		F93816872B561BEF00DA15F9 /* NotificationKeywordEditView.swift */ = {isa = PBXFileReference; lastKnownFileType = sourcecode.swift; path = NotificationKeywordEditView.swift; sourceTree = "<group>"; };
		F93BC5D32B47CB9100F52108 /* SettingViewModel.swift */ = {isa = PBXFileReference; lastKnownFileType = sourcecode.swift; path = SettingViewModel.swift; sourceTree = "<group>"; };
		F93F51232B47A31800654F6D /* UserSettings.swift */ = {isa = PBXFileReference; lastKnownFileType = sourcecode.swift; path = UserSettings.swift; sourceTree = "<group>"; };
		F95114542B6C7DA4009BDC98 /* MenuDTO.swift */ = {isa = PBXFileReference; lastKnownFileType = sourcecode.swift; path = MenuDTO.swift; sourceTree = "<group>"; };
		F951145B2B6C8138009BDC98 /* MenuRepository.swift */ = {isa = PBXFileReference; lastKnownFileType = sourcecode.swift; path = MenuRepository.swift; sourceTree = "<group>"; };
		F951145D2B6C8214009BDC98 /* MenuService.swift */ = {isa = PBXFileReference; lastKnownFileType = sourcecode.swift; path = MenuService.swift; sourceTree = "<group>"; };
		F95DC1312B91B6CD001D3419 /* SearchNoticeService.swift */ = {isa = PBXFileReference; lastKnownFileType = sourcecode.swift; path = SearchNoticeService.swift; sourceTree = "<group>"; };
		F95DC1332B91B835001D3419 /* SearchNoticeDTO.swift */ = {isa = PBXFileReference; lastKnownFileType = sourcecode.swift; path = SearchNoticeDTO.swift; sourceTree = "<group>"; };
		F95DC1362B91BE55001D3419 /* SearchNotice.swift */ = {isa = PBXFileReference; lastKnownFileType = sourcecode.swift; path = SearchNotice.swift; sourceTree = "<group>"; };
		F95E007C2B539E4A00CAAFE2 /* NotificationView.swift */ = {isa = PBXFileReference; lastKnownFileType = sourcecode.swift; path = NotificationView.swift; sourceTree = "<group>"; };
		F95E007F2B53DE9100CAAFE2 /* NotificationViewModel.swift */ = {isa = PBXFileReference; lastKnownFileType = sourcecode.swift; path = NotificationViewModel.swift; sourceTree = "<group>"; };
		F967605E2B3AE1CB00C09F29 /* DMU-iOS.app */ = {isa = PBXFileReference; explicitFileType = wrapper.application; includeInIndex = 0; path = "DMU-iOS.app"; sourceTree = BUILT_PRODUCTS_DIR; };
		F96760612B3AE1CB00C09F29 /* DMU_iOSApp.swift */ = {isa = PBXFileReference; lastKnownFileType = sourcecode.swift; path = DMU_iOSApp.swift; sourceTree = "<group>"; };
		F96760632B3AE1CB00C09F29 /* ContentView.swift */ = {isa = PBXFileReference; lastKnownFileType = sourcecode.swift; path = ContentView.swift; sourceTree = "<group>"; };
		F96760652B3AE1CC00C09F29 /* Assets.xcassets */ = {isa = PBXFileReference; lastKnownFileType = folder.assetcatalog; path = Assets.xcassets; sourceTree = "<group>"; };
		F96760682B3AE1CC00C09F29 /* Preview Assets.xcassets */ = {isa = PBXFileReference; lastKnownFileType = folder.assetcatalog; path = "Preview Assets.xcassets"; sourceTree = "<group>"; };
		F9682B572B6B31A3004A2EFE /* ScheduleDTO.swift */ = {isa = PBXFileReference; lastKnownFileType = sourcecode.swift; path = ScheduleDTO.swift; sourceTree = "<group>"; };
		F9682B592B6B328A004A2EFE /* ScheduleRepository.swift */ = {isa = PBXFileReference; lastKnownFileType = sourcecode.swift; path = ScheduleRepository.swift; sourceTree = "<group>"; };
		F99A62FA2B83479B00EDB985 /* UniversityNoticeService.swift */ = {isa = PBXFileReference; lastKnownFileType = sourcecode.swift; path = UniversityNoticeService.swift; sourceTree = "<group>"; };
		F99A62FE2B83480900EDB985 /* UniversityNoticeDTO.swift */ = {isa = PBXFileReference; lastKnownFileType = sourcecode.swift; path = UniversityNoticeDTO.swift; sourceTree = "<group>"; };
		F99A63002B834CB100EDB985 /* UniversityNoticeRepository.swift */ = {isa = PBXFileReference; lastKnownFileType = sourcecode.swift; path = UniversityNoticeRepository.swift; sourceTree = "<group>"; };
		F99C6B982B44EF50007208B2 /* Schedule.swift */ = {isa = PBXFileReference; lastKnownFileType = sourcecode.swift; path = Schedule.swift; sourceTree = "<group>"; };
		F99C6B9B2B44EFC8007208B2 /* ScheduleViewModel.swift */ = {isa = PBXFileReference; lastKnownFileType = sourcecode.swift; path = ScheduleViewModel.swift; sourceTree = "<group>"; };
		F9AEF1D52B6346A7004C6A62 /* HTTPMethod.swift */ = {isa = PBXFileReference; lastKnownFileType = sourcecode.swift; path = HTTPMethod.swift; sourceTree = "<group>"; };
		F9AF3C502B416E3A001779E3 /* SearchView.swift */ = {isa = PBXFileReference; lastKnownFileType = sourcecode.swift; path = SearchView.swift; sourceTree = "<group>"; };
		F9AF3C532B416E5D001779E3 /* ScheduleView.swift */ = {isa = PBXFileReference; lastKnownFileType = sourcecode.swift; path = ScheduleView.swift; sourceTree = "<group>"; };
		F9AF3C562B416EE2001779E3 /* MealView.swift */ = {isa = PBXFileReference; lastKnownFileType = sourcecode.swift; path = MealView.swift; sourceTree = "<group>"; };
		F9AF3C592B416EF7001779E3 /* SettingView.swift */ = {isa = PBXFileReference; lastKnownFileType = sourcecode.swift; path = SettingView.swift; sourceTree = "<group>"; };
		F9AF3C5F2B4170B2001779E3 /* TabBarView.swift */ = {isa = PBXFileReference; lastKnownFileType = sourcecode.swift; path = TabBarView.swift; sourceTree = "<group>"; };
		F9AF3C622B418190001779E3 /* Notice.swift */ = {isa = PBXFileReference; lastKnownFileType = sourcecode.swift; path = Notice.swift; sourceTree = "<group>"; };
		F9AF3C662B418DFE001779E3 /* NoticeViewModel.swift */ = {isa = PBXFileReference; lastKnownFileType = sourcecode.swift; path = NoticeViewModel.swift; sourceTree = "<group>"; };
		F9B77F212B3AF5A900A6E2D1 /* Color.swift */ = {isa = PBXFileReference; lastKnownFileType = sourcecode.swift; path = Color.swift; sourceTree = "<group>"; };
		F9B77F262B3AF91C00A6E2D1 /* Info.plist */ = {isa = PBXFileReference; lastKnownFileType = text.plist.xml; path = Info.plist; sourceTree = "<group>"; };
		F9B77F272B3AF9D900A6E2D1 /* Pretendard-Bold.otf */ = {isa = PBXFileReference; lastKnownFileType = file; path = "Pretendard-Bold.otf"; sourceTree = "<group>"; };
		F9B77F282B3AF9D900A6E2D1 /* Pretendard-ExtraLight.otf */ = {isa = PBXFileReference; lastKnownFileType = file; path = "Pretendard-ExtraLight.otf"; sourceTree = "<group>"; };
		F9B77F292B3AF9D900A6E2D1 /* Pretendard-Black.otf */ = {isa = PBXFileReference; lastKnownFileType = file; path = "Pretendard-Black.otf"; sourceTree = "<group>"; };
		F9B77F2A2B3AF9D900A6E2D1 /* Pretendard-SemiBold.otf */ = {isa = PBXFileReference; lastKnownFileType = file; path = "Pretendard-SemiBold.otf"; sourceTree = "<group>"; };
		F9B77F2B2B3AF9D900A6E2D1 /* Pretendard-Medium.otf */ = {isa = PBXFileReference; lastKnownFileType = file; path = "Pretendard-Medium.otf"; sourceTree = "<group>"; };
		F9B77F2C2B3AF9D900A6E2D1 /* Pretendard-Thin.otf */ = {isa = PBXFileReference; lastKnownFileType = file; path = "Pretendard-Thin.otf"; sourceTree = "<group>"; };
		F9B77F2D2B3AF9D900A6E2D1 /* Pretendard-ExtraBold.otf */ = {isa = PBXFileReference; lastKnownFileType = file; path = "Pretendard-ExtraBold.otf"; sourceTree = "<group>"; };
		F9B77F2E2B3AF9D900A6E2D1 /* Pretendard-Light.otf */ = {isa = PBXFileReference; lastKnownFileType = file; path = "Pretendard-Light.otf"; sourceTree = "<group>"; };
		F9B77F2F2B3AF9D900A6E2D1 /* Pretendard-Regular.otf */ = {isa = PBXFileReference; lastKnownFileType = file; path = "Pretendard-Regular.otf"; sourceTree = "<group>"; };
		F9B77F3A2B3AFDBC00A6E2D1 /* Font.swift */ = {isa = PBXFileReference; lastKnownFileType = sourcecode.swift; path = Font.swift; sourceTree = "<group>"; };
		F9B77F3C2B3B035700A6E2D1 /* SplashView.swift */ = {isa = PBXFileReference; lastKnownFileType = sourcecode.swift; path = SplashView.swift; sourceTree = "<group>"; };
		F9BB5B692B42D320002EDB68 /* SearchViewModel.swift */ = {isa = PBXFileReference; lastKnownFileType = sourcecode.swift; path = SearchViewModel.swift; sourceTree = "<group>"; };
		F9BCAA852B73CCA500E717BF /* NoticeNotification.swift */ = {isa = PBXFileReference; lastKnownFileType = sourcecode.swift; path = NoticeNotification.swift; sourceTree = "<group>"; };
		F9BCAA882B73D38100E717BF /* NoticeWebView.swift */ = {isa = PBXFileReference; lastKnownFileType = sourcecode.swift; path = NoticeWebView.swift; sourceTree = "<group>"; };
		F9D426232B3F076A008EBCC7 /* HomeView.swift */ = {isa = PBXFileReference; lastKnownFileType = sourcecode.swift; path = HomeView.swift; sourceTree = "<group>"; };
		F9DBEA862B464C49004B64D6 /* Menu.swift */ = {isa = PBXFileReference; lastKnownFileType = sourcecode.swift; path = Menu.swift; sourceTree = "<group>"; };
		F9DBEA892B464EC5004B64D6 /* MealViewModel.swift */ = {isa = PBXFileReference; lastKnownFileType = sourcecode.swift; path = MealViewModel.swift; sourceTree = "<group>"; };
		F9E4E3752B75F58600E276CC /* CustomTextField.swift */ = {isa = PBXFileReference; lastKnownFileType = sourcecode.swift; path = CustomTextField.swift; sourceTree = "<group>"; };
		F9EE42402B3C24E300307BA7 /* CustomButton.swift */ = {isa = PBXFileReference; lastKnownFileType = sourcecode.swift; path = CustomButton.swift; sourceTree = "<group>"; };
		F9EE42442B3C276D00307BA7 /* Onboarding-Step-One.swift */ = {isa = PBXFileReference; lastKnownFileType = sourcecode.swift; path = "Onboarding-Step-One.swift"; sourceTree = "<group>"; };
		F9EE42472B3C302600307BA7 /* Department.swift */ = {isa = PBXFileReference; lastKnownFileType = sourcecode.swift; path = Department.swift; sourceTree = "<group>"; };
		F9F85E6B2B75C6A1005EFAE2 /* DateFormatExtension.swift */ = {isa = PBXFileReference; lastKnownFileType = sourcecode.swift; path = DateFormatExtension.swift; sourceTree = "<group>"; };
/* End PBXFileReference section */

/* Begin PBXFrameworksBuildPhase section */
		F967605B2B3AE1CB00C09F29 /* Frameworks */ = {
			isa = PBXFrameworksBuildPhase;
			buildActionMask = 2147483647;
			files = (
				F91189102B5DF82200492AB1 /* Moya in Frameworks */,
				F911890E2B5DF82200492AB1 /* CombineMoya in Frameworks */,
				F91189142B5DF82200492AB1 /* RxMoya in Frameworks */,
				F91189122B5DF82200492AB1 /* ReactiveMoya in Frameworks */,
			);
			runOnlyForDeploymentPostprocessing = 0;
		};
/* End PBXFrameworksBuildPhase section */

/* Begin PBXGroup section */
		F929935C2B63E58E009DC2B6 /* Schedule */ = {
			isa = PBXGroup;
			children = (
				F929935D2B63E59F009DC2B6 /* ScheduleService.swift */,
			);
			path = Schedule;
			sourceTree = "<group>";
		};
		F95114562B6C7EC5009BDC98 /* Meal */ = {
			isa = PBXGroup;
			children = (
				F951145D2B6C8214009BDC98 /* MenuService.swift */,
			);
			path = Meal;
			sourceTree = "<group>";
		};
		F95114592B6C8105009BDC98 /* DTO */ = {
			isa = PBXGroup;
			children = (
				F9DBEA862B464C49004B64D6 /* Menu.swift */,
				F95114542B6C7DA4009BDC98 /* MenuDTO.swift */,
			);
			path = DTO;
			sourceTree = "<group>";
		};
		F951145A2B6C8122009BDC98 /* Repository */ = {
			isa = PBXGroup;
			children = (
				F951145B2B6C8138009BDC98 /* MenuRepository.swift */,
			);
			path = Repository;
			sourceTree = "<group>";
		};
		F952652A2B576441003BC8DA /* App */ = {
			isa = PBXGroup;
			children = (
				F96760612B3AE1CB00C09F29 /* DMU_iOSApp.swift */,
				F93F51232B47A31800654F6D /* UserSettings.swift */,
				F96760632B3AE1CB00C09F29 /* ContentView.swift */,
			);
			path = App;
			sourceTree = "<group>";
		};
		F952652B2B576454003BC8DA /* Features */ = {
			isa = PBXGroup;
			children = (
				F9EE42422B3C26FF00307BA7 /* Splash */,
				F952652E2B57649E003BC8DA /* Onboarding */,
				F95265312B5764E3003BC8DA /* TabBar */,
				F95265332B576502003BC8DA /* Home */,
				F9AF3C4F2B416E1A001779E3 /* Search */,
				F9AF3C522B416E46001779E3 /* Schedule */,
				F9AF3C552B416E64001779E3 /* Meal */,
				F95E007B2B539DF800CAAFE2 /* Notification */,
				F9AF3C582B416EE8001779E3 /* Setting */,
			);
			path = Features;
			sourceTree = "<group>";
		};
		F952652C2B576479003BC8DA /* Views */ = {
			isa = PBXGroup;
			children = (
				F9B77F3C2B3B035700A6E2D1 /* SplashView.swift */,
			);
			path = Views;
			sourceTree = "<group>";
		};
		F952652E2B57649E003BC8DA /* Onboarding */ = {
			isa = PBXGroup;
			children = (
				F95265302B5764D9003BC8DA /* Models */,
				F952652F2B5764B6003BC8DA /* Views */,
			);
			path = Onboarding;
			sourceTree = "<group>";
		};
		F952652F2B5764B6003BC8DA /* Views */ = {
			isa = PBXGroup;
			children = (
				F9EE42442B3C276D00307BA7 /* Onboarding-Step-One.swift */,
				F90D26482B3D9C0100C864C4 /* Onboarding-Step-Two.swift */,
				F901F2642B3EA51A002F6E3C /* Onboarding-Step-Three.swift */,
			);
			path = Views;
			sourceTree = "<group>";
		};
		F95265302B5764D9003BC8DA /* Models */ = {
			isa = PBXGroup;
			children = (
				F9EE42472B3C302600307BA7 /* Department.swift */,
			);
			path = Models;
			sourceTree = "<group>";
		};
		F95265312B5764E3003BC8DA /* TabBar */ = {
			isa = PBXGroup;
			children = (
				F95265322B5764F7003BC8DA /* Views */,
			);
			path = TabBar;
			sourceTree = "<group>";
		};
		F95265322B5764F7003BC8DA /* Views */ = {
			isa = PBXGroup;
			children = (
				F9AF3C5F2B4170B2001779E3 /* TabBarView.swift */,
			);
			path = Views;
			sourceTree = "<group>";
		};
		F95265332B576502003BC8DA /* Home */ = {
			isa = PBXGroup;
			children = (
				F95265342B576511003BC8DA /* Models */,
				F95265352B576523003BC8DA /* Views */,
				F95265362B576533003BC8DA /* ViewModels */,
			);
			path = Home;
			sourceTree = "<group>";
		};
		F95265342B576511003BC8DA /* Models */ = {
			isa = PBXGroup;
			children = (
				F99A62FD2B8347F600EDB985 /* DTO */,
				F99A62FC2B8347EF00EDB985 /* Repository */,
			);
			path = Models;
			sourceTree = "<group>";
		};
		F95265352B576523003BC8DA /* Views */ = {
			isa = PBXGroup;
			children = (
				F9D426232B3F076A008EBCC7 /* HomeView.swift */,
				F9BCAA882B73D38100E717BF /* NoticeWebView.swift */,
			);
			path = Views;
			sourceTree = "<group>";
		};
		F95265362B576533003BC8DA /* ViewModels */ = {
			isa = PBXGroup;
			children = (
				F9AF3C662B418DFE001779E3 /* NoticeViewModel.swift */,
			);
			path = ViewModels;
			sourceTree = "<group>";
		};
		F95265372B576562003BC8DA /* Views */ = {
			isa = PBXGroup;
			children = (
				F9AF3C502B416E3A001779E3 /* SearchView.swift */,
			);
			path = Views;
			sourceTree = "<group>";
		};
		F95265382B57656A003BC8DA /* ViewModels */ = {
			isa = PBXGroup;
			children = (
				F9BB5B692B42D320002EDB68 /* SearchViewModel.swift */,
			);
			path = ViewModels;
			sourceTree = "<group>";
		};
		F95265392B576595003BC8DA /* ViewModels */ = {
			isa = PBXGroup;
			children = (
				F99C6B9B2B44EFC8007208B2 /* ScheduleViewModel.swift */,
			);
			path = ViewModels;
			sourceTree = "<group>";
		};
		F952653A2B57659D003BC8DA /* Views */ = {
			isa = PBXGroup;
			children = (
				F9AF3C532B416E5D001779E3 /* ScheduleView.swift */,
			);
			path = Views;
			sourceTree = "<group>";
		};
		F952653B2B5765B4003BC8DA /* Models */ = {
			isa = PBXGroup;
			children = (
				F9682B5B2B6B331B004A2EFE /* DTO */,
				F9682B5C2B6B3329004A2EFE /* Repository */,
			);
			path = Models;
			sourceTree = "<group>";
		};
		F952653C2B5765C7003BC8DA /* ViewModels */ = {
			isa = PBXGroup;
			children = (
				F9DBEA892B464EC5004B64D6 /* MealViewModel.swift */,
			);
			path = ViewModels;
			sourceTree = "<group>";
		};
		F952653D2B5765CD003BC8DA /* Views */ = {
			isa = PBXGroup;
			children = (
				F9AF3C562B416EE2001779E3 /* MealView.swift */,
			);
			path = Views;
			sourceTree = "<group>";
		};
		F952653E2B5765D6003BC8DA /* Models */ = {
			isa = PBXGroup;
			children = (
				F95114592B6C8105009BDC98 /* DTO */,
				F951145A2B6C8122009BDC98 /* Repository */,
			);
			path = Models;
			sourceTree = "<group>";
		};
		F952653F2B576604003BC8DA /* ViewModels */ = {
			isa = PBXGroup;
			children = (
				F95E007F2B53DE9100CAAFE2 /* NotificationViewModel.swift */,
			);
			path = ViewModels;
			sourceTree = "<group>";
		};
		F95265402B57660F003BC8DA /* Views */ = {
			isa = PBXGroup;
			children = (
				F95E007C2B539E4A00CAAFE2 /* NotificationView.swift */,
				F93816872B561BEF00DA15F9 /* NotificationKeywordEditView.swift */,
			);
			path = Views;
			sourceTree = "<group>";
		};
		F95265422B576634003BC8DA /* ViewModels */ = {
			isa = PBXGroup;
			children = (
				F93BC5D32B47CB9100F52108 /* SettingViewModel.swift */,
			);
			path = ViewModels;
			sourceTree = "<group>";
		};
		F95265432B57663A003BC8DA /* Views */ = {
			isa = PBXGroup;
			children = (
				F9AF3C592B416EF7001779E3 /* SettingView.swift */,
				F914AD812B47C85400706D48 /* SettingDepartmentView.swift */,
			);
			path = Views;
			sourceTree = "<group>";
		};
		F95265442B576666003BC8DA /* Shared */ = {
			isa = PBXGroup;
			children = (
				F9F85E6A2B75C68D005EFAE2 /* Extension */,
				F95265452B57668B003BC8DA /* Views */,
			);
			path = Shared;
			sourceTree = "<group>";
		};
		F95265452B57668B003BC8DA /* Views */ = {
			isa = PBXGroup;
			children = (
				F9EE42402B3C24E300307BA7 /* CustomButton.swift */,
				F90D264A2B3DA00600C864C4 /* CustomKeyword.swift */,
				F9E4E3752B75F58600E276CC /* CustomTextField.swift */,
			);
			path = Views;
			sourceTree = "<group>";
		};
		F95265462B5766B7003BC8DA /* Resources */ = {
			isa = PBXGroup;
			children = (
				F96760652B3AE1CC00C09F29 /* Assets.xcassets */,
				F9B77F392B3AFA4900A6E2D1 /* colors */,
				F9B77F232B3AF70200A6E2D1 /* fonts */,
			);
			path = Resources;
			sourceTree = "<group>";
		};
		F95DC12D2B91B5A8001D3419 /* Models */ = {
			isa = PBXGroup;
			children = (
				F95DC12F2B91B5B6001D3419 /* DTO */,
				F95DC12E2B91B5B1001D3419 /* Repository */,
			);
			path = Models;
			sourceTree = "<group>";
		};
		F95DC12E2B91B5B1001D3419 /* Repository */ = {
			isa = PBXGroup;
			children = (
			);
			path = Repository;
			sourceTree = "<group>";
		};
		F95DC12F2B91B5B6001D3419 /* DTO */ = {
			isa = PBXGroup;
			children = (
				F95DC1362B91BE55001D3419 /* SearchNotice.swift */,
				F95DC1332B91B835001D3419 /* SearchNoticeDTO.swift */,
			);
			path = DTO;
			sourceTree = "<group>";
		};
		F95DC1302B91B5C1001D3419 /* Search */ = {
			isa = PBXGroup;
			children = (
				F95DC1312B91B6CD001D3419 /* SearchNoticeService.swift */,
			);
			path = Search;
			sourceTree = "<group>";
		};
		F95E007B2B539DF800CAAFE2 /* Notification */ = {
			isa = PBXGroup;
			children = (
				F9BCAA842B73CC5A00E717BF /* Models */,
				F95265402B57660F003BC8DA /* Views */,
				F952653F2B576604003BC8DA /* ViewModels */,
			);
			path = Notification;
			sourceTree = "<group>";
		};
		F96760552B3AE1CB00C09F29 = {
			isa = PBXGroup;
			children = (
				F96760602B3AE1CB00C09F29 /* DMU-iOS */,
				F967605F2B3AE1CB00C09F29 /* Products */,
			);
			sourceTree = "<group>";
		};
		F967605F2B3AE1CB00C09F29 /* Products */ = {
			isa = PBXGroup;
			children = (
				F967605E2B3AE1CB00C09F29 /* DMU-iOS.app */,
			);
			name = Products;
			sourceTree = "<group>";
		};
		F96760602B3AE1CB00C09F29 /* DMU-iOS */ = {
			isa = PBXGroup;
			children = (
				F952652A2B576441003BC8DA /* App */,
				F952652B2B576454003BC8DA /* Features */,
				F9AEF1D32B63465F004C6A62 /* Network */,
				F95265442B576666003BC8DA /* Shared */,
				F95265462B5766B7003BC8DA /* Resources */,
				F9B77F262B3AF91C00A6E2D1 /* Info.plist */,
				F92993542B63DA7D009DC2B6 /* Secrets.plist */,
				F96760672B3AE1CC00C09F29 /* Preview Content */,
			);
			path = "DMU-iOS";
			sourceTree = "<group>";
		};
		F96760672B3AE1CC00C09F29 /* Preview Content */ = {
			isa = PBXGroup;
			children = (
				F96760682B3AE1CC00C09F29 /* Preview Assets.xcassets */,
			);
			path = "Preview Content";
			sourceTree = "<group>";
		};
		F9682B5B2B6B331B004A2EFE /* DTO */ = {
			isa = PBXGroup;
			children = (
				F99C6B982B44EF50007208B2 /* Schedule.swift */,
				F9682B572B6B31A3004A2EFE /* ScheduleDTO.swift */,
			);
			path = DTO;
			sourceTree = "<group>";
		};
		F9682B5C2B6B3329004A2EFE /* Repository */ = {
			isa = PBXGroup;
			children = (
				F9682B592B6B328A004A2EFE /* ScheduleRepository.swift */,
			);
			path = Repository;
			sourceTree = "<group>";
		};
		F99A62F92B83478400EDB985 /* Notice */ = {
			isa = PBXGroup;
			children = (
				F99A62FA2B83479B00EDB985 /* UniversityNoticeService.swift */,
				F921161A2B90642300A5507A /* DepartmentNoticeService.swift */,
			);
			path = Notice;
			sourceTree = "<group>";
		};
		F99A62FC2B8347EF00EDB985 /* Repository */ = {
			isa = PBXGroup;
			children = (
				F99A63002B834CB100EDB985 /* UniversityNoticeRepository.swift */,
				F92116182B90627100A5507A /* DepartmentNoticeRepository.swift */,
			);
			path = Repository;
			sourceTree = "<group>";
		};
		F99A62FD2B8347F600EDB985 /* DTO */ = {
			isa = PBXGroup;
			children = (
				F9AF3C622B418190001779E3 /* Notice.swift */,
				F99A62FE2B83480900EDB985 /* UniversityNoticeDTO.swift */,
				F92116162B90621000A5507A /* DepartmentNoticeDTO.swift */,
			);
			path = DTO;
			sourceTree = "<group>";
		};
		F9AEF1D32B63465F004C6A62 /* Network */ = {
			isa = PBXGroup;
			children = (
				F9AEF1D42B63467F004C6A62 /* Foundation */,
				F99A62F92B83478400EDB985 /* Notice */,
				F95DC1302B91B5C1001D3419 /* Search */,
				F929935C2B63E58E009DC2B6 /* Schedule */,
				F95114562B6C7EC5009BDC98 /* Meal */,
			);
			path = Network;
			sourceTree = "<group>";
		};
		F9AEF1D42B63467F004C6A62 /* Foundation */ = {
			isa = PBXGroup;
			children = (
				F9AEF1D52B6346A7004C6A62 /* HTTPMethod.swift */,
				F92993562B63DD5E009DC2B6 /* APIConstants.swift */,
				F929935A2B63E4D9009DC2B6 /* APIService.swift */,
				F92993582B63E3F4009DC2B6 /* Networking.swift */,
			);
			path = Foundation;
			sourceTree = "<group>";
		};
		F9AF3C4F2B416E1A001779E3 /* Search */ = {
			isa = PBXGroup;
			children = (
				F95DC12D2B91B5A8001D3419 /* Models */,
				F95265372B576562003BC8DA /* Views */,
				F95265382B57656A003BC8DA /* ViewModels */,
			);
			path = Search;
			sourceTree = "<group>";
		};
		F9AF3C522B416E46001779E3 /* Schedule */ = {
			isa = PBXGroup;
			children = (
				F952653B2B5765B4003BC8DA /* Models */,
				F952653A2B57659D003BC8DA /* Views */,
				F95265392B576595003BC8DA /* ViewModels */,
			);
			path = Schedule;
			sourceTree = "<group>";
		};
		F9AF3C552B416E64001779E3 /* Meal */ = {
			isa = PBXGroup;
			children = (
				F952653E2B5765D6003BC8DA /* Models */,
				F952653D2B5765CD003BC8DA /* Views */,
				F952653C2B5765C7003BC8DA /* ViewModels */,
			);
			path = Meal;
			sourceTree = "<group>";
		};
		F9AF3C582B416EE8001779E3 /* Setting */ = {
			isa = PBXGroup;
			children = (
				F95265432B57663A003BC8DA /* Views */,
				F95265422B576634003BC8DA /* ViewModels */,
			);
			path = Setting;
			sourceTree = "<group>";
		};
		F9B77F232B3AF70200A6E2D1 /* fonts */ = {
			isa = PBXGroup;
			children = (
				F9B77F3A2B3AFDBC00A6E2D1 /* Font.swift */,
				F9B77F292B3AF9D900A6E2D1 /* Pretendard-Black.otf */,
				F9B77F272B3AF9D900A6E2D1 /* Pretendard-Bold.otf */,
				F9B77F2D2B3AF9D900A6E2D1 /* Pretendard-ExtraBold.otf */,
				F9B77F282B3AF9D900A6E2D1 /* Pretendard-ExtraLight.otf */,
				F9B77F2E2B3AF9D900A6E2D1 /* Pretendard-Light.otf */,
				F9B77F2B2B3AF9D900A6E2D1 /* Pretendard-Medium.otf */,
				F9B77F2F2B3AF9D900A6E2D1 /* Pretendard-Regular.otf */,
				F9B77F2A2B3AF9D900A6E2D1 /* Pretendard-SemiBold.otf */,
				F9B77F2C2B3AF9D900A6E2D1 /* Pretendard-Thin.otf */,
			);
			path = fonts;
			sourceTree = "<group>";
		};
		F9B77F392B3AFA4900A6E2D1 /* colors */ = {
			isa = PBXGroup;
			children = (
				F9B77F212B3AF5A900A6E2D1 /* Color.swift */,
			);
			path = colors;
			sourceTree = "<group>";
		};
		F9BCAA842B73CC5A00E717BF /* Models */ = {
			isa = PBXGroup;
			children = (
				F9BCAA852B73CCA500E717BF /* NoticeNotification.swift */,
			);
			path = Models;
			sourceTree = "<group>";
		};
		F9EE42422B3C26FF00307BA7 /* Splash */ = {
			isa = PBXGroup;
			children = (
				F952652C2B576479003BC8DA /* Views */,
			);
			path = Splash;
			sourceTree = "<group>";
		};
		F9F85E6A2B75C68D005EFAE2 /* Extension */ = {
			isa = PBXGroup;
			children = (
				F9F85E6B2B75C6A1005EFAE2 /* DateFormatExtension.swift */,
			);
			path = Extension;
			sourceTree = "<group>";
		};
/* End PBXGroup section */

/* Begin PBXNativeTarget section */
		F967605D2B3AE1CB00C09F29 /* DMU-iOS */ = {
			isa = PBXNativeTarget;
			buildConfigurationList = F967606C2B3AE1CC00C09F29 /* Build configuration list for PBXNativeTarget "DMU-iOS" */;
			buildPhases = (
				F967605A2B3AE1CB00C09F29 /* Sources */,
				F967605B2B3AE1CB00C09F29 /* Frameworks */,
				F967605C2B3AE1CB00C09F29 /* Resources */,
			);
			buildRules = (
			);
			dependencies = (
			);
			name = "DMU-iOS";
			packageProductDependencies = (
				F911890D2B5DF82200492AB1 /* CombineMoya */,
				F911890F2B5DF82200492AB1 /* Moya */,
				F91189112B5DF82200492AB1 /* ReactiveMoya */,
				F91189132B5DF82200492AB1 /* RxMoya */,
			);
			productName = "DMU-iOS";
			productReference = F967605E2B3AE1CB00C09F29 /* DMU-iOS.app */;
			productType = "com.apple.product-type.application";
		};
/* End PBXNativeTarget section */

/* Begin PBXProject section */
		F96760562B3AE1CB00C09F29 /* Project object */ = {
			isa = PBXProject;
			attributes = {
				BuildIndependentTargetsInParallel = 1;
				LastSwiftUpdateCheck = 1510;
				LastUpgradeCheck = 1510;
				TargetAttributes = {
					F967605D2B3AE1CB00C09F29 = {
						CreatedOnToolsVersion = 15.1;
					};
				};
			};
			buildConfigurationList = F96760592B3AE1CB00C09F29 /* Build configuration list for PBXProject "DMU-iOS" */;
			compatibilityVersion = "Xcode 14.0";
			developmentRegion = en;
			hasScannedForEncodings = 0;
			knownRegions = (
				en,
				Base,
			);
			mainGroup = F96760552B3AE1CB00C09F29;
			packageReferences = (
				F911890C2B5DF82200492AB1 /* XCRemoteSwiftPackageReference "Moya" */,
			);
			productRefGroup = F967605F2B3AE1CB00C09F29 /* Products */;
			projectDirPath = "";
			projectRoot = "";
			targets = (
				F967605D2B3AE1CB00C09F29 /* DMU-iOS */,
			);
		};
/* End PBXProject section */

/* Begin PBXResourcesBuildPhase section */
		F967605C2B3AE1CB00C09F29 /* Resources */ = {
			isa = PBXResourcesBuildPhase;
			buildActionMask = 2147483647;
			files = (
				F9B77F342B3AF9D900A6E2D1 /* Pretendard-Medium.otf in Resources */,
				F96760692B3AE1CC00C09F29 /* Preview Assets.xcassets in Resources */,
				F9B77F362B3AF9D900A6E2D1 /* Pretendard-ExtraBold.otf in Resources */,
				F9B77F372B3AF9D900A6E2D1 /* Pretendard-Light.otf in Resources */,
				F92993552B63DA7D009DC2B6 /* Secrets.plist in Resources */,
				F9B77F302B3AF9D900A6E2D1 /* Pretendard-Bold.otf in Resources */,
				F9B77F352B3AF9D900A6E2D1 /* Pretendard-Thin.otf in Resources */,
				F9B77F312B3AF9D900A6E2D1 /* Pretendard-ExtraLight.otf in Resources */,
				F9B77F332B3AF9D900A6E2D1 /* Pretendard-SemiBold.otf in Resources */,
				F9B77F382B3AF9D900A6E2D1 /* Pretendard-Regular.otf in Resources */,
				F96760662B3AE1CC00C09F29 /* Assets.xcassets in Resources */,
				F9B77F322B3AF9D900A6E2D1 /* Pretendard-Black.otf in Resources */,
			);
			runOnlyForDeploymentPostprocessing = 0;
		};
/* End PBXResourcesBuildPhase section */

/* Begin PBXSourcesBuildPhase section */
		F967605A2B3AE1CB00C09F29 /* Sources */ = {
			isa = PBXSourcesBuildPhase;
			buildActionMask = 2147483647;
			files = (
				F9AF3C602B4170B2001779E3 /* TabBarView.swift in Sources */,
				F99C6B9C2B44EFC8007208B2 /* ScheduleViewModel.swift in Sources */,
				F92993572B63DD5E009DC2B6 /* APIConstants.swift in Sources */,
				F9B77F3B2B3AFDBC00A6E2D1 /* Font.swift in Sources */,
				F95114552B6C7DA4009BDC98 /* MenuDTO.swift in Sources */,
				F99C6B992B44EF50007208B2 /* Schedule.swift in Sources */,
				F90D26492B3D9C0100C864C4 /* Onboarding-Step-Two.swift in Sources */,
				F92993592B63E3F4009DC2B6 /* Networking.swift in Sources */,
				F9BCAA862B73CCA500E717BF /* NoticeNotification.swift in Sources */,
				F914AD822B47C85400706D48 /* SettingDepartmentView.swift in Sources */,
				F9AF3C632B418190001779E3 /* Notice.swift in Sources */,
				F95DC1342B91B835001D3419 /* SearchNoticeDTO.swift in Sources */,
				F9DBEA8A2B464EC5004B64D6 /* MealViewModel.swift in Sources */,
				F90D264B2B3DA00600C864C4 /* CustomKeyword.swift in Sources */,
				F99A62FF2B83480900EDB985 /* UniversityNoticeDTO.swift in Sources */,
				F9BCAA892B73D38100E717BF /* NoticeWebView.swift in Sources */,
				F9AF3C542B416E5D001779E3 /* ScheduleView.swift in Sources */,
				F9BB5B6A2B42D320002EDB68 /* SearchViewModel.swift in Sources */,
				F92116172B90621000A5507A /* DepartmentNoticeDTO.swift in Sources */,
				F9E4E3762B75F58600E276CC /* CustomTextField.swift in Sources */,
				F96760642B3AE1CB00C09F29 /* ContentView.swift in Sources */,
				F9AF3C5A2B416EF7001779E3 /* SettingView.swift in Sources */,
				F9682B5A2B6B328A004A2EFE /* ScheduleRepository.swift in Sources */,
				F901F2652B3EA51A002F6E3C /* Onboarding-Step-Three.swift in Sources */,
				F99A62FB2B83479B00EDB985 /* UniversityNoticeService.swift in Sources */,
				F9AEF1D62B6346A7004C6A62 /* HTTPMethod.swift in Sources */,
				F95E00802B53DE9100CAAFE2 /* NotificationViewModel.swift in Sources */,
				F9EE42412B3C24E300307BA7 /* CustomButton.swift in Sources */,
				F93BC5D42B47CB9100F52108 /* SettingViewModel.swift in Sources */,
				F9EE42452B3C276D00307BA7 /* Onboarding-Step-One.swift in Sources */,
				F9B77F3D2B3B035700A6E2D1 /* SplashView.swift in Sources */,
				F9AF3C512B416E3A001779E3 /* SearchView.swift in Sources */,
				F95DC1322B91B6CD001D3419 /* SearchNoticeService.swift in Sources */,
				F951145E2B6C8214009BDC98 /* MenuService.swift in Sources */,
				F93F51242B47A31800654F6D /* UserSettings.swift in Sources */,
				F96760622B3AE1CB00C09F29 /* DMU_iOSApp.swift in Sources */,
				F9DBEA872B464C49004B64D6 /* Menu.swift in Sources */,
				F9D426242B3F076A008EBCC7 /* HomeView.swift in Sources */,
				F9B77F222B3AF5A900A6E2D1 /* Color.swift in Sources */,
				F9682B582B6B31A3004A2EFE /* ScheduleDTO.swift in Sources */,
				F95DC1372B91BE55001D3419 /* SearchNotice.swift in Sources */,
				F929935E2B63E59F009DC2B6 /* ScheduleService.swift in Sources */,
				F9F85E6C2B75C6A1005EFAE2 /* DateFormatExtension.swift in Sources */,
				F93816882B561BEF00DA15F9 /* NotificationKeywordEditView.swift in Sources */,
				F9EE42482B3C302600307BA7 /* Department.swift in Sources */,
				F9AF3C672B418DFE001779E3 /* NoticeViewModel.swift in Sources */,
				F9AF3C572B416EE2001779E3 /* MealView.swift in Sources */,
				F929935B2B63E4D9009DC2B6 /* APIService.swift in Sources */,
				F99A63012B834CB100EDB985 /* UniversityNoticeRepository.swift in Sources */,
				F95E007D2B539E4A00CAAFE2 /* NotificationView.swift in Sources */,
				F92116192B90627100A5507A /* DepartmentNoticeRepository.swift in Sources */,
				F951145C2B6C8138009BDC98 /* MenuRepository.swift in Sources */,
				F921161B2B90642300A5507A /* DepartmentNoticeService.swift in Sources */,
			);
			runOnlyForDeploymentPostprocessing = 0;
		};
/* End PBXSourcesBuildPhase section */

/* Begin XCBuildConfiguration section */
		F967606A2B3AE1CC00C09F29 /* Debug */ = {
			isa = XCBuildConfiguration;
			buildSettings = {
				ALWAYS_SEARCH_USER_PATHS = NO;
				ASSETCATALOG_COMPILER_GENERATE_SWIFT_ASSET_SYMBOL_EXTENSIONS = YES;
				CLANG_ANALYZER_NONNULL = YES;
				CLANG_ANALYZER_NUMBER_OBJECT_CONVERSION = YES_AGGRESSIVE;
				CLANG_CXX_LANGUAGE_STANDARD = "gnu++20";
				CLANG_ENABLE_MODULES = YES;
				CLANG_ENABLE_OBJC_ARC = YES;
				CLANG_ENABLE_OBJC_WEAK = YES;
				CLANG_WARN_BLOCK_CAPTURE_AUTORELEASING = YES;
				CLANG_WARN_BOOL_CONVERSION = YES;
				CLANG_WARN_COMMA = YES;
				CLANG_WARN_CONSTANT_CONVERSION = YES;
				CLANG_WARN_DEPRECATED_OBJC_IMPLEMENTATIONS = YES;
				CLANG_WARN_DIRECT_OBJC_ISA_USAGE = YES_ERROR;
				CLANG_WARN_DOCUMENTATION_COMMENTS = YES;
				CLANG_WARN_EMPTY_BODY = YES;
				CLANG_WARN_ENUM_CONVERSION = YES;
				CLANG_WARN_INFINITE_RECURSION = YES;
				CLANG_WARN_INT_CONVERSION = YES;
				CLANG_WARN_NON_LITERAL_NULL_CONVERSION = YES;
				CLANG_WARN_OBJC_IMPLICIT_RETAIN_SELF = YES;
				CLANG_WARN_OBJC_LITERAL_CONVERSION = YES;
				CLANG_WARN_OBJC_ROOT_CLASS = YES_ERROR;
				CLANG_WARN_QUOTED_INCLUDE_IN_FRAMEWORK_HEADER = YES;
				CLANG_WARN_RANGE_LOOP_ANALYSIS = YES;
				CLANG_WARN_STRICT_PROTOTYPES = YES;
				CLANG_WARN_SUSPICIOUS_MOVE = YES;
				CLANG_WARN_UNGUARDED_AVAILABILITY = YES_AGGRESSIVE;
				CLANG_WARN_UNREACHABLE_CODE = YES;
				CLANG_WARN__DUPLICATE_METHOD_MATCH = YES;
				COPY_PHASE_STRIP = NO;
				DEBUG_INFORMATION_FORMAT = dwarf;
				ENABLE_STRICT_OBJC_MSGSEND = YES;
				ENABLE_TESTABILITY = YES;
				ENABLE_USER_SCRIPT_SANDBOXING = YES;
				GCC_C_LANGUAGE_STANDARD = gnu17;
				GCC_DYNAMIC_NO_PIC = NO;
				GCC_NO_COMMON_BLOCKS = YES;
				GCC_OPTIMIZATION_LEVEL = 0;
				GCC_PREPROCESSOR_DEFINITIONS = (
					"DEBUG=1",
					"$(inherited)",
				);
				GCC_WARN_64_TO_32_BIT_CONVERSION = YES;
				GCC_WARN_ABOUT_RETURN_TYPE = YES_ERROR;
				GCC_WARN_UNDECLARED_SELECTOR = YES;
				GCC_WARN_UNINITIALIZED_AUTOS = YES_AGGRESSIVE;
				GCC_WARN_UNUSED_FUNCTION = YES;
				GCC_WARN_UNUSED_VARIABLE = YES;
				IPHONEOS_DEPLOYMENT_TARGET = 17.0;
				LOCALIZATION_PREFERS_STRING_CATALOGS = YES;
				MTL_ENABLE_DEBUG_INFO = INCLUDE_SOURCE;
				MTL_FAST_MATH = YES;
				ONLY_ACTIVE_ARCH = YES;
				SDKROOT = iphoneos;
				SWIFT_ACTIVE_COMPILATION_CONDITIONS = "DEBUG $(inherited)";
				SWIFT_OPTIMIZATION_LEVEL = "-Onone";
			};
			name = Debug;
		};
		F967606B2B3AE1CC00C09F29 /* Release */ = {
			isa = XCBuildConfiguration;
			buildSettings = {
				ALWAYS_SEARCH_USER_PATHS = NO;
				ASSETCATALOG_COMPILER_GENERATE_SWIFT_ASSET_SYMBOL_EXTENSIONS = YES;
				CLANG_ANALYZER_NONNULL = YES;
				CLANG_ANALYZER_NUMBER_OBJECT_CONVERSION = YES_AGGRESSIVE;
				CLANG_CXX_LANGUAGE_STANDARD = "gnu++20";
				CLANG_ENABLE_MODULES = YES;
				CLANG_ENABLE_OBJC_ARC = YES;
				CLANG_ENABLE_OBJC_WEAK = YES;
				CLANG_WARN_BLOCK_CAPTURE_AUTORELEASING = YES;
				CLANG_WARN_BOOL_CONVERSION = YES;
				CLANG_WARN_COMMA = YES;
				CLANG_WARN_CONSTANT_CONVERSION = YES;
				CLANG_WARN_DEPRECATED_OBJC_IMPLEMENTATIONS = YES;
				CLANG_WARN_DIRECT_OBJC_ISA_USAGE = YES_ERROR;
				CLANG_WARN_DOCUMENTATION_COMMENTS = YES;
				CLANG_WARN_EMPTY_BODY = YES;
				CLANG_WARN_ENUM_CONVERSION = YES;
				CLANG_WARN_INFINITE_RECURSION = YES;
				CLANG_WARN_INT_CONVERSION = YES;
				CLANG_WARN_NON_LITERAL_NULL_CONVERSION = YES;
				CLANG_WARN_OBJC_IMPLICIT_RETAIN_SELF = YES;
				CLANG_WARN_OBJC_LITERAL_CONVERSION = YES;
				CLANG_WARN_OBJC_ROOT_CLASS = YES_ERROR;
				CLANG_WARN_QUOTED_INCLUDE_IN_FRAMEWORK_HEADER = YES;
				CLANG_WARN_RANGE_LOOP_ANALYSIS = YES;
				CLANG_WARN_STRICT_PROTOTYPES = YES;
				CLANG_WARN_SUSPICIOUS_MOVE = YES;
				CLANG_WARN_UNGUARDED_AVAILABILITY = YES_AGGRESSIVE;
				CLANG_WARN_UNREACHABLE_CODE = YES;
				CLANG_WARN__DUPLICATE_METHOD_MATCH = YES;
				COPY_PHASE_STRIP = NO;
				DEBUG_INFORMATION_FORMAT = "dwarf-with-dsym";
				ENABLE_NS_ASSERTIONS = NO;
				ENABLE_STRICT_OBJC_MSGSEND = YES;
				ENABLE_USER_SCRIPT_SANDBOXING = YES;
				GCC_C_LANGUAGE_STANDARD = gnu17;
				GCC_NO_COMMON_BLOCKS = YES;
				GCC_WARN_64_TO_32_BIT_CONVERSION = YES;
				GCC_WARN_ABOUT_RETURN_TYPE = YES_ERROR;
				GCC_WARN_UNDECLARED_SELECTOR = YES;
				GCC_WARN_UNINITIALIZED_AUTOS = YES_AGGRESSIVE;
				GCC_WARN_UNUSED_FUNCTION = YES;
				GCC_WARN_UNUSED_VARIABLE = YES;
				IPHONEOS_DEPLOYMENT_TARGET = 17.0;
				LOCALIZATION_PREFERS_STRING_CATALOGS = YES;
				MTL_ENABLE_DEBUG_INFO = NO;
				MTL_FAST_MATH = YES;
				SDKROOT = iphoneos;
				SWIFT_COMPILATION_MODE = wholemodule;
				VALIDATE_PRODUCT = YES;
			};
			name = Release;
		};
		F967606D2B3AE1CC00C09F29 /* Debug */ = {
			isa = XCBuildConfiguration;
			buildSettings = {
				ASSETCATALOG_COMPILER_APPICON_NAME = AppIcon;
				ASSETCATALOG_COMPILER_GLOBAL_ACCENT_COLOR_NAME = AccentColor;
				CODE_SIGN_STYLE = Automatic;
				CURRENT_PROJECT_VERSION = 1;
				DEVELOPMENT_ASSET_PATHS = "\"DMU-iOS/Preview Content\"";
				DEVELOPMENT_TEAM = WC353BS2XC;
				ENABLE_PREVIEWS = YES;
				GENERATE_INFOPLIST_FILE = YES;
				INFOPLIST_FILE = "DMU-iOS/Info.plist";
				INFOPLIST_KEY_CFBundleDisplayName = DMforU;
				INFOPLIST_KEY_LSApplicationCategoryType = "public.app-category.education";
				INFOPLIST_KEY_UIApplicationSceneManifest_Generation = YES;
				INFOPLIST_KEY_UIApplicationSupportsIndirectInputEvents = YES;
				INFOPLIST_KEY_UILaunchScreen_Generation = YES;
				INFOPLIST_KEY_UISupportedInterfaceOrientations_iPad = "UIInterfaceOrientationPortrait UIInterfaceOrientationPortraitUpsideDown UIInterfaceOrientationLandscapeLeft UIInterfaceOrientationLandscapeRight";
				INFOPLIST_KEY_UISupportedInterfaceOrientations_iPhone = "UIInterfaceOrientationPortrait UIInterfaceOrientationLandscapeLeft UIInterfaceOrientationLandscapeRight";
				IPHONEOS_DEPLOYMENT_TARGET = 16.0;
				LD_RUNPATH_SEARCH_PATHS = (
					"$(inherited)",
					"@executable_path/Frameworks",
				);
				MARKETING_VERSION = 1.0;
				PRODUCT_BUNDLE_IDENTIFIER = "com.leeyebeen.DMU-iOS";
				PRODUCT_NAME = "$(TARGET_NAME)";
				SUPPORTED_PLATFORMS = "iphoneos iphonesimulator";
				SUPPORTS_MACCATALYST = NO;
				SUPPORTS_MAC_DESIGNED_FOR_IPHONE_IPAD = NO;
				SWIFT_EMIT_LOC_STRINGS = YES;
				SWIFT_VERSION = 5.0;
				TARGETED_DEVICE_FAMILY = 1;
			};
			name = Debug;
		};
		F967606E2B3AE1CC00C09F29 /* Release */ = {
			isa = XCBuildConfiguration;
			buildSettings = {
				ASSETCATALOG_COMPILER_APPICON_NAME = AppIcon;
				ASSETCATALOG_COMPILER_GLOBAL_ACCENT_COLOR_NAME = AccentColor;
				CODE_SIGN_STYLE = Automatic;
				CURRENT_PROJECT_VERSION = 1;
				DEVELOPMENT_ASSET_PATHS = "\"DMU-iOS/Preview Content\"";
				DEVELOPMENT_TEAM = WC353BS2XC;
				ENABLE_PREVIEWS = YES;
				GENERATE_INFOPLIST_FILE = YES;
				INFOPLIST_FILE = "DMU-iOS/Info.plist";
				INFOPLIST_KEY_CFBundleDisplayName = DMforU;
				INFOPLIST_KEY_LSApplicationCategoryType = "public.app-category.education";
				INFOPLIST_KEY_UIApplicationSceneManifest_Generation = YES;
				INFOPLIST_KEY_UIApplicationSupportsIndirectInputEvents = YES;
				INFOPLIST_KEY_UILaunchScreen_Generation = YES;
				INFOPLIST_KEY_UISupportedInterfaceOrientations_iPad = "UIInterfaceOrientationPortrait UIInterfaceOrientationPortraitUpsideDown UIInterfaceOrientationLandscapeLeft UIInterfaceOrientationLandscapeRight";
				INFOPLIST_KEY_UISupportedInterfaceOrientations_iPhone = "UIInterfaceOrientationPortrait UIInterfaceOrientationLandscapeLeft UIInterfaceOrientationLandscapeRight";
				IPHONEOS_DEPLOYMENT_TARGET = 16.0;
				LD_RUNPATH_SEARCH_PATHS = (
					"$(inherited)",
					"@executable_path/Frameworks",
				);
				MARKETING_VERSION = 1.0;
				PRODUCT_BUNDLE_IDENTIFIER = "com.leeyebeen.DMU-iOS";
				PRODUCT_NAME = "$(TARGET_NAME)";
				SUPPORTED_PLATFORMS = "iphoneos iphonesimulator";
				SUPPORTS_MACCATALYST = NO;
				SUPPORTS_MAC_DESIGNED_FOR_IPHONE_IPAD = NO;
				SWIFT_EMIT_LOC_STRINGS = YES;
				SWIFT_VERSION = 5.0;
				TARGETED_DEVICE_FAMILY = 1;
			};
			name = Release;
		};
/* End XCBuildConfiguration section */

/* Begin XCConfigurationList section */
		F96760592B3AE1CB00C09F29 /* Build configuration list for PBXProject "DMU-iOS" */ = {
			isa = XCConfigurationList;
			buildConfigurations = (
				F967606A2B3AE1CC00C09F29 /* Debug */,
				F967606B2B3AE1CC00C09F29 /* Release */,
			);
			defaultConfigurationIsVisible = 0;
			defaultConfigurationName = Release;
		};
		F967606C2B3AE1CC00C09F29 /* Build configuration list for PBXNativeTarget "DMU-iOS" */ = {
			isa = XCConfigurationList;
			buildConfigurations = (
				F967606D2B3AE1CC00C09F29 /* Debug */,
				F967606E2B3AE1CC00C09F29 /* Release */,
			);
			defaultConfigurationIsVisible = 0;
			defaultConfigurationName = Release;
		};
/* End XCConfigurationList section */

/* Begin XCRemoteSwiftPackageReference section */
		F911890C2B5DF82200492AB1 /* XCRemoteSwiftPackageReference "Moya" */ = {
			isa = XCRemoteSwiftPackageReference;
			repositoryURL = "https://github.com/Moya/Moya";
			requirement = {
				kind = upToNextMajorVersion;
				minimumVersion = 15.0.3;
			};
		};
/* End XCRemoteSwiftPackageReference section */

/* Begin XCSwiftPackageProductDependency section */
		F911890D2B5DF82200492AB1 /* CombineMoya */ = {
			isa = XCSwiftPackageProductDependency;
			package = F911890C2B5DF82200492AB1 /* XCRemoteSwiftPackageReference "Moya" */;
			productName = CombineMoya;
		};
		F911890F2B5DF82200492AB1 /* Moya */ = {
			isa = XCSwiftPackageProductDependency;
			package = F911890C2B5DF82200492AB1 /* XCRemoteSwiftPackageReference "Moya" */;
			productName = Moya;
		};
		F91189112B5DF82200492AB1 /* ReactiveMoya */ = {
			isa = XCSwiftPackageProductDependency;
			package = F911890C2B5DF82200492AB1 /* XCRemoteSwiftPackageReference "Moya" */;
			productName = ReactiveMoya;
		};
		F91189132B5DF82200492AB1 /* RxMoya */ = {
			isa = XCSwiftPackageProductDependency;
			package = F911890C2B5DF82200492AB1 /* XCRemoteSwiftPackageReference "Moya" */;
			productName = RxMoya;
		};
/* End XCSwiftPackageProductDependency section */
	};
	rootObject = F96760562B3AE1CB00C09F29 /* Project object */;
}
